
Microsoft Visual Studio Solution File, Format Version 12.00
# Visual Studio 15
VisualStudioVersion = 15.0.26730.16
MinimumVisualStudioVersion = 10.0.40219.1
Project("{FAE04EC0-301F-11D3-BF4B-00C04F79EFBC}") = "Morpion", "Morpion\Morpion.csproj", "{EF5BF282-A1B8-4C4F-BF81-7A8962352F26}"
EndProject
Global
	GlobalSection(SolutionConfigurationPlatforms) = preSolution
		Debug|Any CPU = Debug|Any CPU
		Release|Any CPU = Release|Any CPU
	EndGlobalSection
	GlobalSection(ProjectConfigurationPlatforms) = postSolution
		{EF5BF282-A1B8-4C4F-BF81-7A8962352F26}.Debug|Any CPU.ActiveCfg = Debug|Any CPU
		{EF5BF282-A1B8-4C4F-BF81-7A8962352F26}.Debug|Any CPU.Build.0 = Debug|Any CPU
		{EF5BF282-A1B8-4C4F-BF81-7A8962352F26}.Release|Any CPU.ActiveCfg = Release|Any CPU
		{EF5BF282-A1B8-4C4F-BF81-7A8962352F26}.Release|Any CPU.Build.0 = Release|Any CPU
	EndGlobalSection
	GlobalSection(SolutionProperties) = preSolution
		HideSolutionNode = FALSE
	EndGlobalSection
	GlobalSection(ExtensibilityGlobals) = postSolution
		SolutionGuid = {06F80934-A950-4C25-95F3-B51E18F890F0}
	EndGlobalSection
EndGlobal
