
Microsoft Visual Studio Solution File, Format Version 12.00
# Visual Studio 15
VisualStudioVersion = 15.0.26730.16
MinimumVisualStudioVersion = 10.0.40219.1
Project("{FAE04EC0-301F-11D3-BF4B-00C04F79EFBC}") = "S02EX02", "S02EX02\S02EX02.csproj", "{461AB524-0202-4791-BBC0-0FD72A734729}"
EndProject
Project("{FAE04EC0-301F-11D3-BF4B-00C04F79EFBC}") = "S02EX01", "S02EX01\S02EX01.csproj", "{1AA11C37-3240-4751-9AB0-BB2B76C55AE5}"
EndProject
Global
	GlobalSection(SolutionConfigurationPlatforms) = preSolution
		Debug|Any CPU = Debug|Any CPU
		Release|Any CPU = Release|Any CPU
	EndGlobalSection
	GlobalSection(ProjectConfigurationPlatforms) = postSolution
		{461AB524-0202-4791-BBC0-0FD72A734729}.Debug|Any CPU.ActiveCfg = Debug|Any CPU
		{461AB524-0202-4791-BBC0-0FD72A734729}.Debug|Any CPU.Build.0 = Debug|Any CPU
		{461AB524-0202-4791-BBC0-0FD72A734729}.Release|Any CPU.ActiveCfg = Release|Any CPU
		{461AB524-0202-4791-BBC0-0FD72A734729}.Release|Any CPU.Build.0 = Release|Any CPU
		{1AA11C37-3240-4751-9AB0-BB2B76C55AE5}.Debug|Any CPU.ActiveCfg = Debug|Any CPU
		{1AA11C37-3240-4751-9AB0-BB2B76C55AE5}.Debug|Any CPU.Build.0 = Debug|Any CPU
		{1AA11C37-3240-4751-9AB0-BB2B76C55AE5}.Release|Any CPU.ActiveCfg = Release|Any CPU
		{1AA11C37-3240-4751-9AB0-BB2B76C55AE5}.Release|Any CPU.Build.0 = Release|Any CPU
	EndGlobalSection
	GlobalSection(SolutionProperties) = preSolution
		HideSolutionNode = FALSE
	EndGlobalSection
	GlobalSection(ExtensibilityGlobals) = postSolution
		SolutionGuid = {603AB2C6-62F9-4A9B-97BA-A9E93C170F95}
	EndGlobalSection
EndGlobal
