
Microsoft Visual Studio Solution File, Format Version 12.00
# Visual Studio 15
VisualStudioVersion = 15.0.26730.16
MinimumVisualStudioVersion = 10.0.40219.1
Project("{FAE04EC0-301F-11D3-BF4B-00C04F79EFBC}") = "S01EX02", "S01EX02\S01EX02.csproj", "{9027E2FE-5B7E-43F7-BFCB-36B7A74DADB7}"
EndProject
Project("{FAE04EC0-301F-11D3-BF4B-00C04F79EFBC}") = "S01EX03", "S01EX03\S01EX03.csproj", "{EFC7A9E0-2CF9-4E43-B3E9-0442F14AE3E4}"
EndProject
Project("{FAE04EC0-301F-11D3-BF4B-00C04F79EFBC}") = "S01EX01", "S01EX01\S01EX01.csproj", "{C08B0647-0527-4E0F-AD3C-EA687E78272B}"
EndProject
Project("{FAE04EC0-301F-11D3-BF4B-00C04F79EFBC}") = "S01EX04", "S01EX04\S01EX04.csproj", "{6B0F75EC-FDDB-4915-BB80-F7F3CAAFD2DE}"
EndProject
Project("{FAE04EC0-301F-11D3-BF4B-00C04F79EFBC}") = "S01EX05", "S01EX05\S01EX05.csproj", "{5D557598-5495-4D3C-8E81-4A04A64F16A5}"
EndProject
Global
	GlobalSection(SolutionConfigurationPlatforms) = preSolution
		Debug|Any CPU = Debug|Any CPU
		Release|Any CPU = Release|Any CPU
	EndGlobalSection
	GlobalSection(ProjectConfigurationPlatforms) = postSolution
		{9027E2FE-5B7E-43F7-BFCB-36B7A74DADB7}.Debug|Any CPU.ActiveCfg = Debug|Any CPU
		{9027E2FE-5B7E-43F7-BFCB-36B7A74DADB7}.Debug|Any CPU.Build.0 = Debug|Any CPU
		{9027E2FE-5B7E-43F7-BFCB-36B7A74DADB7}.Release|Any CPU.ActiveCfg = Release|Any CPU
		{9027E2FE-5B7E-43F7-BFCB-36B7A74DADB7}.Release|Any CPU.Build.0 = Release|Any CPU
		{EFC7A9E0-2CF9-4E43-B3E9-0442F14AE3E4}.Debug|Any CPU.ActiveCfg = Debug|Any CPU
		{EFC7A9E0-2CF9-4E43-B3E9-0442F14AE3E4}.Debug|Any CPU.Build.0 = Debug|Any CPU
		{EFC7A9E0-2CF9-4E43-B3E9-0442F14AE3E4}.Release|Any CPU.ActiveCfg = Release|Any CPU
		{EFC7A9E0-2CF9-4E43-B3E9-0442F14AE3E4}.Release|Any CPU.Build.0 = Release|Any CPU
		{C08B0647-0527-4E0F-AD3C-EA687E78272B}.Debug|Any CPU.ActiveCfg = Debug|Any CPU
		{C08B0647-0527-4E0F-AD3C-EA687E78272B}.Debug|Any CPU.Build.0 = Debug|Any CPU
		{C08B0647-0527-4E0F-AD3C-EA687E78272B}.Release|Any CPU.ActiveCfg = Release|Any CPU
		{C08B0647-0527-4E0F-AD3C-EA687E78272B}.Release|Any CPU.Build.0 = Release|Any CPU
		{6B0F75EC-FDDB-4915-BB80-F7F3CAAFD2DE}.Debug|Any CPU.ActiveCfg = Debug|Any CPU
		{6B0F75EC-FDDB-4915-BB80-F7F3CAAFD2DE}.Debug|Any CPU.Build.0 = Debug|Any CPU
		{6B0F75EC-FDDB-4915-BB80-F7F3CAAFD2DE}.Release|Any CPU.ActiveCfg = Release|Any CPU
		{6B0F75EC-FDDB-4915-BB80-F7F3CAAFD2DE}.Release|Any CPU.Build.0 = Release|Any CPU
		{5D557598-5495-4D3C-8E81-4A04A64F16A5}.Debug|Any CPU.ActiveCfg = Debug|Any CPU
		{5D557598-5495-4D3C-8E81-4A04A64F16A5}.Debug|Any CPU.Build.0 = Debug|Any CPU
		{5D557598-5495-4D3C-8E81-4A04A64F16A5}.Release|Any CPU.ActiveCfg = Release|Any CPU
		{5D557598-5495-4D3C-8E81-4A04A64F16A5}.Release|Any CPU.Build.0 = Release|Any CPU
	EndGlobalSection
	GlobalSection(SolutionProperties) = preSolution
		HideSolutionNode = FALSE
	EndGlobalSection
	GlobalSection(ExtensibilityGlobals) = postSolution
		SolutionGuid = {E0A0826D-796C-4207-99EC-08CB45E2258D}
	EndGlobalSection
EndGlobal
